{
    "name": "config-serving",
    "version": "0.0.0",
    "lockfileVersion": 3,
    "requires": true,
    "packages": {
        "": {
            "name": "config-serving",
            "version": "0.0.0",
            "dependencies": {
                "jose": "^5.9.6"
            },
            "devDependencies": {
                "@cloudflare/vitest-pool-workers": "^0.6.4",
                "@cloudflare/workers-types": "^4.20250109.0",
                "typescript": "^5.7.3",
                "vitest": "2.1.8",
                "wrangler": "^3.103.2"
            }
        },
        "node_modules/@cloudflare/kv-asset-handler": {
            "version": "0.3.4",
            "dev": true,
            "license": "MIT OR Apache-2.0",
            "dependencies": {
                "mime": "^3.0.0"
            },
            "engines": {
                "node": ">=16.13"
            }
        },
        "node_modules/@cloudflare/vitest-pool-workers": {
            "version": "0.6.4",
            "resolved": "https://registry.npmjs.org/@cloudflare/vitest-pool-workers/-/vitest-pool-workers-0.6.4.tgz",
            "integrity": "sha512-/S875Em7P3jRZASOmE2sCu7lLnYlGXKNkreo71M+SyYb+Vlh2SD8LqTmDydYDe2aRLQtyCcAZWJUzs7ymeDZ3Q==",
            "dev": true,
            "license": "MIT",
            "dependencies": {
                "birpc": "0.2.14",
                "cjs-module-lexer": "^1.2.3",
                "devalue": "^4.3.0",
                "esbuild": "0.17.19",
                "miniflare": "3.20241230.2",
                "semver": "^7.5.1",
                "wrangler": "3.103.2",
                "zod": "^3.22.3"
            },
            "peerDependencies": {
                "@vitest/runner": "2.0.x - 2.1.x",
                "@vitest/snapshot": "2.0.x - 2.1.x",
                "vitest": "2.0.x - 2.1.x"
            }
        },
        "node_modules/@cloudflare/workerd-linux-64": {
            "version": "1.20241230.0",
            "cpu": [
                "x64"
            ],
            "dev": true,
            "license": "Apache-2.0",
            "optional": true,
            "os": [
                "linux"
            ],
            "engines": {
                "node": ">=16"
            }
        },
        "node_modules/@cloudflare/workers-types": {
            "version": "4.20250109.0",
            "dev": true,
            "license": "MIT OR Apache-2.0"
        },
        "node_modules/@cspotcode/source-map-support": {
            "version": "0.8.1",
            "dev": true,
            "license": "MIT",
            "dependencies": {
                "@jridgewell/trace-mapping": "0.3.9"
            },
            "engines": {
                "node": ">=12"
            }
        },
        "node_modules/@esbuild-plugins/node-globals-polyfill": {
            "version": "0.2.3",
            "dev": true,
            "license": "ISC",
            "peerDependencies": {
                "esbuild": "*"
            }
        },
        "node_modules/@esbuild-plugins/node-modules-polyfill": {
            "version": "0.2.2",
            "dev": true,
            "license": "ISC",
            "dependencies": {
                "escape-string-regexp": "^4.0.0",
                "rollup-plugin-node-polyfills": "^0.2.1"
            },
            "peerDependencies": {
                "esbuild": "*"
            }
        },
        "node_modules/@esbuild/linux-x64": {
            "version": "0.17.19",
            "cpu": [
                "x64"
            ],
            "dev": true,
            "license": "MIT",
            "optional": true,
            "os": [
                "linux"
            ],
            "engines": {
                "node": ">=12"
            }
        },
        "node_modules/@fastify/busboy": {
            "version": "2.1.1",
            "dev": true,
            "license": "MIT",
            "engines": {
                "node": ">=14"
            }
        },
        "node_modules/@jridgewell/resolve-uri": {
            "version": "3.1.2",
            "dev": true,
            "license": "MIT",
            "engines": {
                "node": ">=6.0.0"
            }
        },
        "node_modules/@jridgewell/sourcemap-codec": {
            "version": "1.5.0",
            "dev": true,
            "license": "MIT"
        },
        "node_modules/@jridgewell/trace-mapping": {
            "version": "0.3.9",
            "dev": true,
            "license": "MIT",
            "dependencies": {
                "@jridgewell/resolve-uri": "^3.0.3",
                "@jridgewell/sourcemap-codec": "^1.4.10"
            }
        },
        "node_modules/@rollup/rollup-linux-x64-gnu": {
            "version": "4.30.1",
            "cpu": [
                "x64"
            ],
            "dev": true,
            "license": "MIT",
            "optional": true,
            "os": [
                "linux"
            ]
        },
        "node_modules/@rollup/rollup-linux-x64-musl": {
            "version": "4.30.1",
            "cpu": [
                "x64"
            ],
            "dev": true,
            "license": "MIT",
            "optional": true,
            "os": [
                "linux"
            ]
        },
        "node_modules/@types/estree": {
            "version": "1.0.6",
            "dev": true,
            "license": "MIT"
        },
        "node_modules/@types/node": {
            "version": "22.10.7",
            "dev": true,
            "license": "MIT",
            "optional": true,
            "peer": true,
            "dependencies": {
                "undici-types": "~6.20.0"
            }
        },
        "node_modules/@vitest/expect": {
            "version": "2.1.8",
            "dev": true,
            "license": "MIT",
            "dependencies": {
                "@vitest/spy": "2.1.8",
                "@vitest/utils": "2.1.8",
                "chai": "^5.1.2",
                "tinyrainbow": "^1.2.0"
            },
            "funding": {
                "url": "https://opencollective.com/vitest"
            }
        },
        "node_modules/@vitest/mocker": {
            "version": "2.1.8",
            "dev": true,
            "license": "MIT",
            "dependencies": {
                "@vitest/spy": "2.1.8",
                "estree-walker": "^3.0.3",
                "magic-string": "^0.30.12"
            },
            "funding": {
                "url": "https://opencollective.com/vitest"
            },
            "peerDependencies": {
                "msw": "^2.4.9",
                "vite": "^5.0.0"
            },
            "peerDependenciesMeta": {
                "msw": {
                    "optional": true
                },
                "vite": {
                    "optional": true
                }
            }
        },
        "node_modules/@vitest/pretty-format": {
            "version": "2.1.8",
            "dev": true,
            "license": "MIT",
            "dependencies": {
                "tinyrainbow": "^1.2.0"
            },
            "funding": {
                "url": "https://opencollective.com/vitest"
            }
        },
        "node_modules/@vitest/runner": {
            "version": "2.1.8",
            "dev": true,
            "license": "MIT",
            "dependencies": {
                "@vitest/utils": "2.1.8",
                "pathe": "^1.1.2"
            },
            "funding": {
                "url": "https://opencollective.com/vitest"
            }
        },
        "node_modules/@vitest/snapshot": {
            "version": "2.1.8",
            "dev": true,
            "license": "MIT",
            "dependencies": {
                "@vitest/pretty-format": "2.1.8",
                "magic-string": "^0.30.12",
                "pathe": "^1.1.2"
            },
            "funding": {
                "url": "https://opencollective.com/vitest"
            }
        },
        "node_modules/@vitest/spy": {
            "version": "2.1.8",
            "dev": true,
            "license": "MIT",
            "dependencies": {
                "tinyspy": "^3.0.2"
            },
            "funding": {
                "url": "https://opencollective.com/vitest"
            }
        },
        "node_modules/@vitest/utils": {
            "version": "2.1.8",
            "dev": true,
            "license": "MIT",
            "dependencies": {
                "@vitest/pretty-format": "2.1.8",
                "loupe": "^3.1.2",
                "tinyrainbow": "^1.2.0"
            },
            "funding": {
                "url": "https://opencollective.com/vitest"
            }
        },
        "node_modules/acorn": {
            "version": "8.14.0",
            "dev": true,
            "license": "MIT",
            "bin": {
                "acorn": "bin/acorn"
            },
            "engines": {
                "node": ">=0.4.0"
            }
        },
        "node_modules/acorn-walk": {
            "version": "8.3.4",
            "dev": true,
            "license": "MIT",
            "dependencies": {
                "acorn": "^8.11.0"
            },
            "engines": {
                "node": ">=0.4.0"
            }
        },
        "node_modules/as-table": {
            "version": "1.0.55",
            "dev": true,
            "license": "MIT",
            "dependencies": {
                "printable-characters": "^1.0.42"
            }
        },
        "node_modules/assertion-error": {
            "version": "2.0.1",
            "dev": true,
            "license": "MIT",
            "engines": {
                "node": ">=12"
            }
        },
        "node_modules/birpc": {
            "version": "0.2.14",
            "dev": true,
            "license": "MIT",
            "funding": {
                "url": "https://github.com/sponsors/antfu"
            }
        },
        "node_modules/blake3-wasm": {
            "version": "2.1.5",
            "dev": true,
            "license": "MIT"
        },
        "node_modules/cac": {
            "version": "6.7.14",
            "dev": true,
            "license": "MIT",
            "engines": {
                "node": ">=8"
            }
        },
        "node_modules/capnp-ts": {
            "version": "0.7.0",
            "dev": true,
            "license": "MIT",
            "dependencies": {
                "debug": "^4.3.1",
                "tslib": "^2.2.0"
            }
        },
        "node_modules/chai": {
            "version": "5.1.2",
            "dev": true,
            "license": "MIT",
            "dependencies": {
                "assertion-error": "^2.0.1",
                "check-error": "^2.1.1",
                "deep-eql": "^5.0.1",
                "loupe": "^3.1.0",
                "pathval": "^2.0.0"
            },
            "engines": {
                "node": ">=12"
            }
        },
        "node_modules/check-error": {
            "version": "2.1.1",
            "dev": true,
            "license": "MIT",
            "engines": {
                "node": ">= 16"
            }
        },
        "node_modules/cjs-module-lexer": {
            "version": "1.4.1",
            "dev": true,
            "license": "MIT"
        },
        "node_modules/confbox": {
            "version": "0.1.8",
            "dev": true,
            "license": "MIT"
        },
        "node_modules/cookie": {
            "version": "0.7.2",
            "dev": true,
            "license": "MIT",
            "engines": {
                "node": ">= 0.6"
            }
        },
        "node_modules/data-uri-to-buffer": {
            "version": "2.0.2",
            "dev": true,
            "license": "MIT"
        },
        "node_modules/debug": {
            "version": "4.4.0",
            "dev": true,
            "license": "MIT",
            "dependencies": {
                "ms": "^2.1.3"
            },
            "engines": {
                "node": ">=6.0"
            },
            "peerDependenciesMeta": {
                "supports-color": {
                    "optional": true
                }
            }
        },
        "node_modules/deep-eql": {
            "version": "5.0.2",
            "dev": true,
            "license": "MIT",
            "engines": {
                "node": ">=6"
            }
        },
        "node_modules/defu": {
            "version": "6.1.4",
            "dev": true,
            "license": "MIT"
        },
        "node_modules/devalue": {
            "version": "4.3.3",
            "dev": true,
            "license": "MIT"
        },
        "node_modules/es-module-lexer": {
            "version": "1.6.0",
            "dev": true,
            "license": "MIT"
        },
        "node_modules/esbuild": {
            "version": "0.17.19",
            "dev": true,
            "hasInstallScript": true,
            "license": "MIT",
            "bin": {
                "esbuild": "bin/esbuild"
            },
            "engines": {
                "node": ">=12"
            },
            "optionalDependencies": {
                "@esbuild/android-arm": "0.17.19",
                "@esbuild/android-arm64": "0.17.19",
                "@esbuild/android-x64": "0.17.19",
                "@esbuild/darwin-arm64": "0.17.19",
                "@esbuild/darwin-x64": "0.17.19",
                "@esbuild/freebsd-arm64": "0.17.19",
                "@esbuild/freebsd-x64": "0.17.19",
                "@esbuild/linux-arm": "0.17.19",
                "@esbuild/linux-arm64": "0.17.19",
                "@esbuild/linux-ia32": "0.17.19",
                "@esbuild/linux-loong64": "0.17.19",
                "@esbuild/linux-mips64el": "0.17.19",
                "@esbuild/linux-ppc64": "0.17.19",
                "@esbuild/linux-riscv64": "0.17.19",
                "@esbuild/linux-s390x": "0.17.19",
                "@esbuild/linux-x64": "0.17.19",
                "@esbuild/netbsd-x64": "0.17.19",
                "@esbuild/openbsd-x64": "0.17.19",
                "@esbuild/sunos-x64": "0.17.19",
                "@esbuild/win32-arm64": "0.17.19",
                "@esbuild/win32-ia32": "0.17.19",
                "@esbuild/win32-x64": "0.17.19"
            }
        },
        "node_modules/escape-string-regexp": {
            "version": "4.0.0",
            "dev": true,
            "license": "MIT",
            "engines": {
                "node": ">=10"
            },
            "funding": {
                "url": "https://github.com/sponsors/sindresorhus"
            }
        },
        "node_modules/estree-walker": {
            "version": "3.0.3",
            "dev": true,
            "license": "MIT",
            "dependencies": {
                "@types/estree": "^1.0.0"
            }
        },
        "node_modules/exit-hook": {
            "version": "2.2.1",
            "dev": true,
            "license": "MIT",
            "engines": {
                "node": ">=6"
            },
            "funding": {
                "url": "https://github.com/sponsors/sindresorhus"
            }
        },
        "node_modules/expect-type": {
            "version": "1.1.0",
            "dev": true,
            "license": "Apache-2.0",
            "engines": {
                "node": ">=12.0.0"
            }
        },
        "node_modules/get-source": {
            "version": "2.0.12",
            "dev": true,
            "license": "Unlicense",
            "dependencies": {
                "data-uri-to-buffer": "^2.0.0",
                "source-map": "^0.6.1"
            }
        },
        "node_modules/glob-to-regexp": {
            "version": "0.4.1",
            "dev": true,
            "license": "BSD-2-Clause"
        },
        "node_modules/jose": {
            "version": "5.9.6",
            "resolved": "https://registry.npmjs.org/jose/-/jose-5.9.6.tgz",
            "integrity": "sha512-AMlnetc9+CV9asI19zHmrgS/WYsWUwCn2R7RzlbJWD7F9eWYUTGyBmU9o6PxngtLGOiDGPRu+Uc4fhKzbpteZQ==",
            "license": "MIT",
            "funding": {
                "url": "https://github.com/sponsors/panva"
            }
        },
        "node_modules/loupe": {
            "version": "3.1.2",
            "dev": true,
            "license": "MIT"
        },
        "node_modules/magic-string": {
            "version": "0.30.17",
            "dev": true,
            "license": "MIT",
            "dependencies": {
                "@jridgewell/sourcemap-codec": "^1.5.0"
            }
        },
        "node_modules/mime": {
            "version": "3.0.0",
            "dev": true,
            "license": "MIT",
            "bin": {
                "mime": "cli.js"
            },
            "engines": {
                "node": ">=10.0.0"
            }
        },
        "node_modules/miniflare": {
            "version": "3.20241230.2",
            "resolved": "https://registry.npmjs.org/miniflare/-/miniflare-3.20241230.2.tgz",
            "integrity": "sha512-gFC3IaUKrLGdtA6y6PLpC/QE5YAjB5ITCfBZHkosRyFZ9ApaCHKcHRvrEFMc/R19QxxtHD+G3tExEHp7MmtsYQ==",
            "dev": true,
            "license": "MIT",
            "dependencies": {
                "@cspotcode/source-map-support": "0.8.1",
                "acorn": "^8.8.0",
                "acorn-walk": "^8.2.0",
                "capnp-ts": "^0.7.0",
                "exit-hook": "^2.2.1",
                "glob-to-regexp": "^0.4.1",
                "stoppable": "^1.1.0",
                "undici": "^5.28.4",
                "workerd": "1.20241230.0",
                "ws": "^8.18.0",
                "youch": "^3.2.2",
                "zod": "^3.22.3"
            },
            "bin": {
                "miniflare": "bootstrap.js"
            },
            "engines": {
                "node": ">=16.13"
            }
        },
        "node_modules/mlly": {
            "version": "1.7.4",
            "dev": true,
            "license": "MIT",
            "dependencies": {
                "acorn": "^8.14.0",
                "pathe": "^2.0.1",
                "pkg-types": "^1.3.0",
                "ufo": "^1.5.4"
            }
        },
        "node_modules/mlly/node_modules/pathe": {
            "version": "2.0.2",
            "dev": true,
            "license": "MIT"
        },
        "node_modules/ms": {
            "version": "2.1.3",
            "dev": true,
            "license": "MIT"
        },
        "node_modules/mustache": {
            "version": "4.2.0",
            "dev": true,
            "license": "MIT",
            "bin": {
                "mustache": "bin/mustache"
            }
        },
        "node_modules/nanoid": {
            "version": "3.3.8",
            "dev": true,
            "funding": [
                {
                    "type": "github",
                    "url": "https://github.com/sponsors/ai"
                }
            ],
            "license": "MIT",
            "bin": {
                "nanoid": "bin/nanoid.cjs"
            },
            "engines": {
                "node": "^10 || ^12 || ^13.7 || ^14 || >=15.0.1"
            }
        },
        "node_modules/ohash": {
            "version": "1.1.4",
            "dev": true,
            "license": "MIT"
        },
        "node_modules/path-to-regexp": {
            "version": "6.3.0",
            "dev": true,
            "license": "MIT"
        },
        "node_modules/pathe": {
            "version": "1.1.2",
            "dev": true,
            "license": "MIT"
        },
        "node_modules/pathval": {
            "version": "2.0.0",
            "dev": true,
            "license": "MIT",
            "engines": {
                "node": ">= 14.16"
            }
        },
        "node_modules/picocolors": {
            "version": "1.1.1",
            "dev": true,
            "license": "ISC"
        },
        "node_modules/pkg-types": {
            "version": "1.3.1",
            "dev": true,
            "license": "MIT",
            "dependencies": {
                "confbox": "^0.1.8",
                "mlly": "^1.7.4",
                "pathe": "^2.0.1"
            }
        },
        "node_modules/pkg-types/node_modules/pathe": {
            "version": "2.0.2",
            "dev": true,
            "license": "MIT"
        },
        "node_modules/postcss": {
            "version": "8.5.1",
            "dev": true,
            "funding": [
                {
                    "type": "opencollective",
                    "url": "https://opencollective.com/postcss/"
                },
                {
                    "type": "tidelift",
                    "url": "https://tidelift.com/funding/github/npm/postcss"
                },
                {
                    "type": "github",
                    "url": "https://github.com/sponsors/ai"
                }
            ],
            "license": "MIT",
            "dependencies": {
                "nanoid": "^3.3.8",
                "picocolors": "^1.1.1",
                "source-map-js": "^1.2.1"
            },
            "engines": {
                "node": "^10 || ^12 || >=14"
            }
        },
        "node_modules/printable-characters": {
            "version": "1.0.42",
            "dev": true,
            "license": "Unlicense"
        },
        "node_modules/rollup": {
            "version": "4.30.1",
            "dev": true,
            "license": "MIT",
            "dependencies": {
                "@types/estree": "1.0.6"
            },
            "bin": {
                "rollup": "dist/bin/rollup"
            },
            "engines": {
                "node": ">=18.0.0",
                "npm": ">=8.0.0"
            },
            "optionalDependencies": {
                "@rollup/rollup-android-arm-eabi": "4.30.1",
                "@rollup/rollup-android-arm64": "4.30.1",
                "@rollup/rollup-darwin-arm64": "4.30.1",
                "@rollup/rollup-darwin-x64": "4.30.1",
                "@rollup/rollup-freebsd-arm64": "4.30.1",
                "@rollup/rollup-freebsd-x64": "4.30.1",
                "@rollup/rollup-linux-arm-gnueabihf": "4.30.1",
                "@rollup/rollup-linux-arm-musleabihf": "4.30.1",
                "@rollup/rollup-linux-arm64-gnu": "4.30.1",
                "@rollup/rollup-linux-arm64-musl": "4.30.1",
                "@rollup/rollup-linux-loongarch64-gnu": "4.30.1",
                "@rollup/rollup-linux-powerpc64le-gnu": "4.30.1",
                "@rollup/rollup-linux-riscv64-gnu": "4.30.1",
                "@rollup/rollup-linux-s390x-gnu": "4.30.1",
                "@rollup/rollup-linux-x64-gnu": "4.30.1",
                "@rollup/rollup-linux-x64-musl": "4.30.1",
                "@rollup/rollup-win32-arm64-msvc": "4.30.1",
                "@rollup/rollup-win32-ia32-msvc": "4.30.1",
                "@rollup/rollup-win32-x64-msvc": "4.30.1",
                "fsevents": "~2.3.2"
            }
        },
        "node_modules/rollup-plugin-inject": {
            "version": "3.0.2",
            "dev": true,
            "license": "MIT",
            "dependencies": {
                "estree-walker": "^0.6.1",
                "magic-string": "^0.25.3",
                "rollup-pluginutils": "^2.8.1"
            }
        },
        "node_modules/rollup-plugin-inject/node_modules/estree-walker": {
            "version": "0.6.1",
            "dev": true,
            "license": "MIT"
        },
        "node_modules/rollup-plugin-inject/node_modules/magic-string": {
            "version": "0.25.9",
            "dev": true,
            "license": "MIT",
            "dependencies": {
                "sourcemap-codec": "^1.4.8"
            }
        },
        "node_modules/rollup-plugin-node-polyfills": {
            "version": "0.2.1",
            "dev": true,
            "license": "MIT",
            "dependencies": {
                "rollup-plugin-inject": "^3.0.0"
            }
        },
        "node_modules/rollup-pluginutils": {
            "version": "2.8.2",
            "dev": true,
            "license": "MIT",
            "dependencies": {
                "estree-walker": "^0.6.1"
            }
        },
        "node_modules/rollup-pluginutils/node_modules/estree-walker": {
            "version": "0.6.1",
            "dev": true,
            "license": "MIT"
        },
        "node_modules/semver": {
            "version": "7.6.3",
            "dev": true,
            "license": "ISC",
            "bin": {
                "semver": "bin/semver.js"
            },
            "engines": {
                "node": ">=10"
            }
        },
        "node_modules/siginfo": {
            "version": "2.0.0",
            "dev": true,
            "license": "ISC"
        },
        "node_modules/source-map": {
            "version": "0.6.1",
            "dev": true,
            "license": "BSD-3-Clause",
            "engines": {
                "node": ">=0.10.0"
            }
        },
        "node_modules/source-map-js": {
            "version": "1.2.1",
            "dev": true,
            "license": "BSD-3-Clause",
            "engines": {
                "node": ">=0.10.0"
            }
        },
        "node_modules/sourcemap-codec": {
            "version": "1.4.8",
            "dev": true,
            "license": "MIT"
        },
        "node_modules/stackback": {
            "version": "0.0.2",
            "dev": true,
            "license": "MIT"
        },
        "node_modules/stacktracey": {
            "version": "2.1.8",
            "dev": true,
            "license": "Unlicense",
            "dependencies": {
                "as-table": "^1.0.36",
                "get-source": "^2.0.12"
            }
        },
        "node_modules/std-env": {
            "version": "3.8.0",
            "dev": true,
            "license": "MIT"
        },
        "node_modules/stoppable": {
            "version": "1.1.0",
            "dev": true,
            "license": "MIT",
            "engines": {
                "node": ">=4",
                "npm": ">=6"
            }
        },
        "node_modules/tinybench": {
            "version": "2.9.0",
            "dev": true,
            "license": "MIT"
        },
        "node_modules/tinyexec": {
            "version": "0.3.2",
            "dev": true,
            "license": "MIT"
        },
        "node_modules/tinypool": {
            "version": "1.0.2",
            "dev": true,
            "license": "MIT",
            "engines": {
                "node": "^18.0.0 || >=20.0.0"
            }
        },
        "node_modules/tinyrainbow": {
            "version": "1.2.0",
            "dev": true,
            "license": "MIT",
            "engines": {
                "node": ">=14.0.0"
            }
        },
        "node_modules/tinyspy": {
            "version": "3.0.2",
            "dev": true,
            "license": "MIT",
            "engines": {
                "node": ">=14.0.0"
            }
        },
        "node_modules/tslib": {
            "version": "2.8.1",
            "dev": true,
            "license": "0BSD"
        },
        "node_modules/typescript": {
            "version": "5.7.3",
            "dev": true,
            "license": "Apache-2.0",
            "bin": {
                "tsc": "bin/tsc",
                "tsserver": "bin/tsserver"
            },
            "engines": {
                "node": ">=14.17"
            }
        },
        "node_modules/ufo": {
            "version": "1.5.4",
            "dev": true,
            "license": "MIT"
        },
        "node_modules/undici": {
            "version": "5.28.5",
            "dev": true,
            "license": "MIT",
            "dependencies": {
                "@fastify/busboy": "^2.0.0"
            },
            "engines": {
                "node": ">=14.0"
            }
        },
        "node_modules/undici-types": {
            "version": "6.20.0",
            "dev": true,
            "license": "MIT",
            "optional": true,
            "peer": true
        },
        "node_modules/unenv": {
            "name": "unenv-nightly",
            "version": "2.0.0-20250109-100802-88ad671",
            "dev": true,
            "license": "MIT",
            "dependencies": {
                "defu": "^6.1.4",
                "mlly": "^1.7.3",
                "ohash": "^1.1.4",
                "pathe": "^1.1.2",
                "ufo": "^1.5.4"
            }
        },
        "node_modules/vite": {
            "version": "5.4.11",
            "dev": true,
            "license": "MIT",
            "dependencies": {
                "esbuild": "^0.21.3",
                "postcss": "^8.4.43",
                "rollup": "^4.20.0"
            },
            "bin": {
                "vite": "bin/vite.js"
            },
            "engines": {
                "node": "^18.0.0 || >=20.0.0"
            },
            "funding": {
                "url": "https://github.com/vitejs/vite?sponsor=1"
            },
            "optionalDependencies": {
                "fsevents": "~2.3.3"
            },
            "peerDependencies": {
                "@types/node": "^18.0.0 || >=20.0.0",
                "less": "*",
                "lightningcss": "^1.21.0",
                "sass": "*",
                "sass-embedded": "*",
                "stylus": "*",
                "sugarss": "*",
                "terser": "^5.4.0"
            },
            "peerDependenciesMeta": {
                "@types/node": {
                    "optional": true
                },
                "less": {
                    "optional": true
                },
                "lightningcss": {
                    "optional": true
                },
                "sass": {
                    "optional": true
                },
                "sass-embedded": {
                    "optional": true
                },
                "stylus": {
                    "optional": true
                },
                "sugarss": {
                    "optional": true
                },
                "terser": {
                    "optional": true
                }
            }
        },
        "node_modules/vite-node": {
            "version": "2.1.8",
            "dev": true,
            "license": "MIT",
            "dependencies": {
                "cac": "^6.7.14",
                "debug": "^4.3.7",
                "es-module-lexer": "^1.5.4",
                "pathe": "^1.1.2",
                "vite": "^5.0.0"
            },
            "bin": {
                "vite-node": "vite-node.mjs"
            },
            "engines": {
                "node": "^18.0.0 || >=20.0.0"
            },
            "funding": {
                "url": "https://opencollective.com/vitest"
            }
        },
        "node_modules/vite/node_modules/@esbuild/linux-x64": {
            "version": "0.21.5",
            "cpu": [
                "x64"
            ],
            "dev": true,
            "license": "MIT",
            "optional": true,
            "os": [
                "linux"
            ],
            "engines": {
                "node": ">=12"
            }
        },
        "node_modules/vite/node_modules/esbuild": {
            "version": "0.21.5",
            "dev": true,
            "hasInstallScript": true,
            "license": "MIT",
            "bin": {
                "esbuild": "bin/esbuild"
            },
            "engines": {
                "node": ">=12"
            },
            "optionalDependencies": {
                "@esbuild/aix-ppc64": "0.21.5",
                "@esbuild/android-arm": "0.21.5",
                "@esbuild/android-arm64": "0.21.5",
                "@esbuild/android-x64": "0.21.5",
                "@esbuild/darwin-arm64": "0.21.5",
                "@esbuild/darwin-x64": "0.21.5",
                "@esbuild/freebsd-arm64": "0.21.5",
                "@esbuild/freebsd-x64": "0.21.5",
                "@esbuild/linux-arm": "0.21.5",
                "@esbuild/linux-arm64": "0.21.5",
                "@esbuild/linux-ia32": "0.21.5",
                "@esbuild/linux-loong64": "0.21.5",
                "@esbuild/linux-mips64el": "0.21.5",
                "@esbuild/linux-ppc64": "0.21.5",
                "@esbuild/linux-riscv64": "0.21.5",
                "@esbuild/linux-s390x": "0.21.5",
                "@esbuild/linux-x64": "0.21.5",
                "@esbuild/netbsd-x64": "0.21.5",
                "@esbuild/openbsd-x64": "0.21.5",
                "@esbuild/sunos-x64": "0.21.5",
                "@esbuild/win32-arm64": "0.21.5",
                "@esbuild/win32-ia32": "0.21.5",
                "@esbuild/win32-x64": "0.21.5"
            }
        },
        "node_modules/vitest": {
            "version": "2.1.8",
            "dev": true,
            "license": "MIT",
            "dependencies": {
                "@vitest/expect": "2.1.8",
                "@vitest/mocker": "2.1.8",
                "@vitest/pretty-format": "^2.1.8",
                "@vitest/runner": "2.1.8",
                "@vitest/snapshot": "2.1.8",
                "@vitest/spy": "2.1.8",
                "@vitest/utils": "2.1.8",
                "chai": "^5.1.2",
                "debug": "^4.3.7",
                "expect-type": "^1.1.0",
                "magic-string": "^0.30.12",
                "pathe": "^1.1.2",
                "std-env": "^3.8.0",
                "tinybench": "^2.9.0",
                "tinyexec": "^0.3.1",
                "tinypool": "^1.0.1",
                "tinyrainbow": "^1.2.0",
                "vite": "^5.0.0",
                "vite-node": "2.1.8",
                "why-is-node-running": "^2.3.0"
            },
            "bin": {
                "vitest": "vitest.mjs"
            },
            "engines": {
                "node": "^18.0.0 || >=20.0.0"
            },
            "funding": {
                "url": "https://opencollective.com/vitest"
            },
            "peerDependencies": {
                "@edge-runtime/vm": "*",
                "@types/node": "^18.0.0 || >=20.0.0",
                "@vitest/browser": "2.1.8",
                "@vitest/ui": "2.1.8",
                "happy-dom": "*",
                "jsdom": "*"
            },
            "peerDependenciesMeta": {
                "@edge-runtime/vm": {
                    "optional": true
                },
                "@types/node": {
                    "optional": true
                },
                "@vitest/browser": {
                    "optional": true
                },
                "@vitest/ui": {
                    "optional": true
                },
                "happy-dom": {
                    "optional": true
                },
                "jsdom": {
                    "optional": true
                }
            }
        },
        "node_modules/why-is-node-running": {
            "version": "2.3.0",
            "dev": true,
            "license": "MIT",
            "dependencies": {
                "siginfo": "^2.0.0",
                "stackback": "0.0.2"
            },
            "bin": {
                "why-is-node-running": "cli.js"
            },
            "engines": {
                "node": ">=8"
            }
        },
        "node_modules/workerd": {
            "version": "1.20241230.0",
            "dev": true,
            "hasInstallScript": true,
            "license": "Apache-2.0",
            "bin": {
                "workerd": "bin/workerd"
            },
            "engines": {
                "node": ">=16"
            },
            "optionalDependencies": {
                "@cloudflare/workerd-darwin-64": "1.20241230.0",
                "@cloudflare/workerd-darwin-arm64": "1.20241230.0",
                "@cloudflare/workerd-linux-64": "1.20241230.0",
                "@cloudflare/workerd-linux-arm64": "1.20241230.0",
                "@cloudflare/workerd-windows-64": "1.20241230.0"
            }
        },
        "node_modules/wrangler": {
            "version": "3.103.2",
            "dev": true,
            "license": "MIT OR Apache-2.0",
            "dependencies": {
                "@cloudflare/kv-asset-handler": "0.3.4",
                "@esbuild-plugins/node-globals-polyfill": "0.2.3",
                "@esbuild-plugins/node-modules-polyfill": "0.2.2",
                "blake3-wasm": "2.1.5",
                "esbuild": "0.17.19",
                "miniflare": "3.20241230.2",
                "path-to-regexp": "6.3.0",
                "unenv": "npm:unenv-nightly@2.0.0-20250109-100802-88ad671",
                "workerd": "1.20241230.0"
            },
            "bin": {
                "wrangler": "bin/wrangler.js",
                "wrangler2": "bin/wrangler.js"
            },
            "engines": {
                "node": ">=16.17.0"
            },
            "optionalDependencies": {
                "fsevents": "~2.3.2"
            },
            "peerDependencies": {
                "@cloudflare/workers-types": "^4.20241230.0"
            },
            "peerDependenciesMeta": {
                "@cloudflare/workers-types": {
                    "optional": true
                }
            }
        },
        "node_modules/ws": {
            "version": "8.18.0",
            "dev": true,
            "license": "MIT",
            "engines": {
                "node": ">=10.0.0"
            },
            "peerDependencies": {
                "bufferutil": "^4.0.1",
                "utf-8-validate": ">=5.0.2"
            },
            "peerDependenciesMeta": {
                "bufferutil": {
                    "optional": true
                },
                "utf-8-validate": {
                    "optional": true
                }
            }
        },
        "node_modules/youch": {
            "version": "3.3.4",
            "dev": true,
            "license": "MIT",
            "dependencies": {
                "cookie": "^0.7.1",
                "mustache": "^4.2.0",
                "stacktracey": "^2.1.8"
            }
        },
        "node_modules/zod": {
            "version": "3.24.1",
            "dev": true,
            "license": "MIT",
            "funding": {
                "url": "https://github.com/sponsors/colinhacks"
            }
        }
    }
}
